
Microsoft Visual Studio Solution File, Format Version 12.00
# Visual Studio Version 17
VisualStudioVersion = 17.0.31903.59
MinimumVisualStudioVersion = 10.0.40219.1
Project("{2150E333-8FDC-42A3-9474-1A3956D46DE8}") = "src", "src", "{D1BD03E1-EC1F-48F8-A4A6-173B04FC14EC}"
EndProject
Project("{FAE04EC0-301F-11D3-BF4B-00C04F79EFBC}") = "testK8sApp.Data", "src\testK8sApp.Data\testK8sApp.Data.csproj", "{40475395-158C-4BF5-9F64-2B7CBC2E92F4}"
EndProject
Project("{FAE04EC0-301F-11D3-BF4B-00C04F79EFBC}") = "testK8sApp.Web", "src\testK8sApp.Web\testK8sApp.Web.csproj", "{53BC024F-1E48-42DE-A921-8D16AD6DCFBC}"
EndProject
Project("{FAE04EC0-301F-11D3-BF4B-00C04F79EFBC}") = "testK8sApp.Domain", "src\testK8sApp.Domain\testK8sApp.Domain.csproj", "{471893FF-D514-4CD4-98AF-648D9EE3817B}"
EndProject
Global
	GlobalSection(SolutionConfigurationPlatforms) = preSolution
		Debug|Any CPU = Debug|Any CPU
		Release|Any CPU = Release|Any CPU
	EndGlobalSection
	GlobalSection(SolutionProperties) = preSolution
		HideSolutionNode = FALSE
	EndGlobalSection
	GlobalSection(ProjectConfigurationPlatforms) = postSolution
		{40475395-158C-4BF5-9F64-2B7CBC2E92F4}.Debug|Any CPU.ActiveCfg = Debug|Any CPU
		{40475395-158C-4BF5-9F64-2B7CBC2E92F4}.Debug|Any CPU.Build.0 = Debug|Any CPU
		{40475395-158C-4BF5-9F64-2B7CBC2E92F4}.Release|Any CPU.ActiveCfg = Release|Any CPU
		{40475395-158C-4BF5-9F64-2B7CBC2E92F4}.Release|Any CPU.Build.0 = Release|Any CPU
		{53BC024F-1E48-42DE-A921-8D16AD6DCFBC}.Debug|Any CPU.ActiveCfg = Debug|Any CPU
		{53BC024F-1E48-42DE-A921-8D16AD6DCFBC}.Debug|Any CPU.Build.0 = Debug|Any CPU
		{53BC024F-1E48-42DE-A921-8D16AD6DCFBC}.Release|Any CPU.ActiveCfg = Release|Any CPU
		{53BC024F-1E48-42DE-A921-8D16AD6DCFBC}.Release|Any CPU.Build.0 = Release|Any CPU
		{471893FF-D514-4CD4-98AF-648D9EE3817B}.Debug|Any CPU.ActiveCfg = Debug|Any CPU
		{471893FF-D514-4CD4-98AF-648D9EE3817B}.Debug|Any CPU.Build.0 = Debug|Any CPU
		{471893FF-D514-4CD4-98AF-648D9EE3817B}.Release|Any CPU.ActiveCfg = Release|Any CPU
		{471893FF-D514-4CD4-98AF-648D9EE3817B}.Release|Any CPU.Build.0 = Release|Any CPU
	EndGlobalSection
	GlobalSection(NestedProjects) = preSolution
		{40475395-158C-4BF5-9F64-2B7CBC2E92F4} = {D1BD03E1-EC1F-48F8-A4A6-173B04FC14EC}
		{471893FF-D514-4CD4-98AF-648D9EE3817B} = {D1BD03E1-EC1F-48F8-A4A6-173B04FC14EC}
		{53BC024F-1E48-42DE-A921-8D16AD6DCFBC} = {D1BD03E1-EC1F-48F8-A4A6-173B04FC14EC}
	EndGlobalSection
EndGlobal
